
Microsoft Visual Studio Solution File, Format Version 12.00
# Visual Studio Version 17
VisualStudioVersion = 17.4.33205.214
MinimumVisualStudioVersion = 10.0.40219.1
Project("{FAE04EC0-301F-11D3-BF4B-00C04F79EFBC}") = "JKTest", "JKTest.csproj", "{EE37BC64-23D5-4B10-B0B8-C81774E16C96}"
EndProject
Global
	GlobalSection(SolutionConfigurationPlatforms) = preSolution
		Debug|Any CPU = Debug|Any CPU
		Release|Any CPU = Release|Any CPU
	EndGlobalSection
	GlobalSection(ProjectConfigurationPlatforms) = postSolution
		{EE37BC64-23D5-4B10-B0B8-C81774E16C96}.Debug|Any CPU.ActiveCfg = Debug|Any CPU
		{EE37BC64-23D5-4B10-B0B8-C81774E16C96}.Debug|Any CPU.Build.0 = Debug|Any CPU
		{EE37BC64-23D5-4B10-B0B8-C81774E16C96}.Release|Any CPU.ActiveCfg = Release|Any CPU
		{EE37BC64-23D5-4B10-B0B8-C81774E16C96}.Release|Any CPU.Build.0 = Release|Any CPU
	EndGlobalSection
	GlobalSection(SolutionProperties) = preSolution
		HideSolutionNode = FALSE
	EndGlobalSection
	GlobalSection(ExtensibilityGlobals) = postSolution
		SolutionGuid = {B4652056-4A76-4D93-892E-8A1D58404992}
	EndGlobalSection
EndGlobal
